// !$*UTF8*$!
{
	archiveVersion = 1;
	classes = {
	};
	objectVersion = 55;
	objects = {

/* Begin PBXBuildFile section */
		/* App */
		AA000001 /* AppDelegate.swift in Sources */ = {isa = PBXBuildFile; fileRef = AB000001 /* AppDelegate.swift */; };
		AA000002 /* SceneDelegate.swift in Sources */ = {isa = PBXBuildFile; fileRef = AB000002 /* SceneDelegate.swift */; };
		AA000003 /* DependencyContainer.swift in Sources */ = {isa = PBXBuildFile; fileRef = AB000003 /* DependencyContainer.swift */; };
		/* Domain */
		AA000010 /* Hero.swift in Sources */ = {isa = PBXBuildFile; fileRef = AB000010 /* Hero.swift */; };
		AA000011 /* HeroRepository.swift in Sources */ = {isa = PBXBuildFile; fileRef = AB000011 /* HeroRepository.swift */; };
		AA000012 /* GetHeroesUseCase.swift in Sources */ = {isa = PBXBuildFile; fileRef = AB000012 /* GetHeroesUseCase.swift */; };
		AA000013 /* GetHeroDetailUseCase.swift in Sources */ = {isa = PBXBuildFile; fileRef = AB000013 /* GetHeroDetailUseCase.swift */; };
		AA000014 /* SearchHeroesUseCase.swift in Sources */ = {isa = PBXBuildFile; fileRef = AB000014 /* SearchHeroesUseCase.swift */; };
		/* Data - Network */
		AA000020 /* APIClient.swift in Sources */ = {isa = PBXBuildFile; fileRef = AB000020 /* APIClient.swift */; };
		AA000021 /* APIError.swift in Sources */ = {isa = PBXBuildFile; fileRef = AB000021 /* APIError.swift */; };
		AA000022 /* Endpoint.swift in Sources */ = {isa = PBXBuildFile; fileRef = AB000022 /* Endpoint.swift */; };
		/* Data - ComicVine */
		AA000030 /* ComicVineDataSource.swift in Sources */ = {isa = PBXBuildFile; fileRef = AB000030 /* ComicVineDataSource.swift */; };
		AA000031 /* ComicVineEndpoints.swift in Sources */ = {isa = PBXBuildFile; fileRef = AB000031 /* ComicVineEndpoints.swift */; };
		AA000032 /* ComicVineResponse.swift in Sources */ = {isa = PBXBuildFile; fileRef = AB000032 /* ComicVineResponse.swift */; };
		AA000033 /* ComicVineCharacterDTO.swift in Sources */ = {isa = PBXBuildFile; fileRef = AB000033 /* ComicVineCharacterDTO.swift */; };
		AA000034 /* ComicVineCharacterDTO+Mapping.swift in Sources */ = {isa = PBXBuildFile; fileRef = AB000034 /* ComicVineCharacterDTO+Mapping.swift */; };
		/* Data - Mock */
		AA000040 /* MockDataSource.swift in Sources */ = {isa = PBXBuildFile; fileRef = AB000040 /* MockDataSource.swift */; };
		AA000041 /* MockData.json in Resources */ = {isa = PBXBuildFile; fileRef = AB000041 /* MockData.json */; };
		/* Data - Repositories */
		AA000050 /* DefaultHeroRepository.swift in Sources */ = {isa = PBXBuildFile; fileRef = AB000050 /* DefaultHeroRepository.swift */; };
		/* Presentation - HeroesList */
		AA000060 /* HeroesListViewController.swift in Sources */ = {isa = PBXBuildFile; fileRef = AB000060 /* HeroesListViewController.swift */; };
		AA000061 /* HeroesListViewModel.swift in Sources */ = {isa = PBXBuildFile; fileRef = AB000061 /* HeroesListViewModel.swift */; };
		AA000062 /* HeroCell.swift in Sources */ = {isa = PBXBuildFile; fileRef = AB000062 /* HeroCell.swift */; };
		/* Presentation - HeroDetail */
		AA000070 /* HeroDetailViewController.swift in Sources */ = {isa = PBXBuildFile; fileRef = AB000070 /* HeroDetailViewController.swift */; };
		AA000071 /* HeroDetailViewModel.swift in Sources */ = {isa = PBXBuildFile; fileRef = AB000071 /* HeroDetailViewModel.swift */; };
		/* Presentation - Common */
		AA000080 /* ImageLoader.swift in Sources */ = {isa = PBXBuildFile; fileRef = AB000080 /* ImageLoader.swift */; };
		AA000081 /* UIView+Constraints.swift in Sources */ = {isa = PBXBuildFile; fileRef = AB000081 /* UIView+Constraints.swift */; };
		/* Resources */
		AA000090 /* Assets.xcassets in Resources */ = {isa = PBXBuildFile; fileRef = AB000090 /* Assets.xcassets */; };
		AA000091 /* LaunchScreen.storyboard in Resources */ = {isa = PBXBuildFile; fileRef = AB000091 /* LaunchScreen.storyboard */; };
		/* Tests */
		AA000100 /* WallaMarvelTests.swift in Sources */ = {isa = PBXBuildFile; fileRef = AB000100 /* WallaMarvelTests.swift */; };
		/* UI Tests */
		AA000110 /* WallaMarvelUITests.swift in Sources */ = {isa = PBXBuildFile; fileRef = AB000110 /* WallaMarvelUITests.swift */; };
		AA000111 /* WallaMarvelUITestsLaunchTests.swift in Sources */ = {isa = PBXBuildFile; fileRef = AB000111 /* WallaMarvelUITestsLaunchTests.swift */; };
/* End PBXBuildFile section */

/* Begin PBXContainerItemProxy section */
		1A0E3AAC2862F7E300132FCB /* PBXContainerItemProxy */ = {
			isa = PBXContainerItemProxy;
			containerPortal = 1A0E3A8D2862F7E200132FCB /* Project object */;
			proxyType = 1;
			remoteGlobalIDString = 1A0E3A942862F7E200132FCB;
			remoteInfo = WallaMarvel;
		};
		1A0E3AB62862F7E300132FCB /* PBXContainerItemProxy */ = {
			isa = PBXContainerItemProxy;
			containerPortal = 1A0E3A8D2862F7E200132FCB /* Project object */;
			proxyType = 1;
			remoteGlobalIDString = 1A0E3A942862F7E200132FCB;
			remoteInfo = WallaMarvel;
		};
/* End PBXContainerItemProxy section */

/* Begin PBXFileReference section */
		1A0E3A952862F7E200132FCB /* WallaMarvel.app */ = {isa = PBXFileReference; explicitFileType = wrapper.application; includeInIndex = 0; path = WallaMarvel.app; sourceTree = BUILT_PRODUCTS_DIR; };
		1A0E3AAB2862F7E300132FCB /* WallaMarvelTests.xctest */ = {isa = PBXFileReference; explicitFileType = wrapper.cfbundle; includeInIndex = 0; path = WallaMarvelTests.xctest; sourceTree = BUILT_PRODUCTS_DIR; };
		1A0E3AB52862F7E300132FCB /* WallaMarvelUITests.xctest */ = {isa = PBXFileReference; explicitFileType = wrapper.cfbundle; includeInIndex = 0; path = WallaMarvelUITests.xctest; sourceTree = BUILT_PRODUCTS_DIR; };
		/* App */
		AB000001 /* AppDelegate.swift */ = {isa = PBXFileReference; lastKnownFileType = sourcecode.swift; path = AppDelegate.swift; sourceTree = "<group>"; };
		AB000002 /* SceneDelegate.swift */ = {isa = PBXFileReference; lastKnownFileType = sourcecode.swift; path = SceneDelegate.swift; sourceTree = "<group>"; };
		AB000003 /* DependencyContainer.swift */ = {isa = PBXFileReference; lastKnownFileType = sourcecode.swift; path = DependencyContainer.swift; sourceTree = "<group>"; };
		/* Domain */
		AB000010 /* Hero.swift */ = {isa = PBXFileReference; lastKnownFileType = sourcecode.swift; path = Hero.swift; sourceTree = "<group>"; };
		AB000011 /* HeroRepository.swift */ = {isa = PBXFileReference; lastKnownFileType = sourcecode.swift; path = HeroRepository.swift; sourceTree = "<group>"; };
		AB000012 /* GetHeroesUseCase.swift */ = {isa = PBXFileReference; lastKnownFileType = sourcecode.swift; path = GetHeroesUseCase.swift; sourceTree = "<group>"; };
		AB000013 /* GetHeroDetailUseCase.swift */ = {isa = PBXFileReference; lastKnownFileType = sourcecode.swift; path = GetHeroDetailUseCase.swift; sourceTree = "<group>"; };
		AB000014 /* SearchHeroesUseCase.swift */ = {isa = PBXFileReference; lastKnownFileType = sourcecode.swift; path = SearchHeroesUseCase.swift; sourceTree = "<group>"; };
		/* Data - Network */
		AB000020 /* APIClient.swift */ = {isa = PBXFileReference; lastKnownFileType = sourcecode.swift; path = APIClient.swift; sourceTree = "<group>"; };
		AB000021 /* APIError.swift */ = {isa = PBXFileReference; lastKnownFileType = sourcecode.swift; path = APIError.swift; sourceTree = "<group>"; };
		AB000022 /* Endpoint.swift */ = {isa = PBXFileReference; lastKnownFileType = sourcecode.swift; path = Endpoint.swift; sourceTree = "<group>"; };
		/* Data - ComicVine */
		AB000030 /* ComicVineDataSource.swift */ = {isa = PBXFileReference; lastKnownFileType = sourcecode.swift; path = ComicVineDataSource.swift; sourceTree = "<group>"; };
		AB000031 /* ComicVineEndpoints.swift */ = {isa = PBXFileReference; lastKnownFileType = sourcecode.swift; path = ComicVineEndpoints.swift; sourceTree = "<group>"; };
		AB000032 /* ComicVineResponse.swift */ = {isa = PBXFileReference; lastKnownFileType = sourcecode.swift; path = ComicVineResponse.swift; sourceTree = "<group>"; };
		AB000033 /* ComicVineCharacterDTO.swift */ = {isa = PBXFileReference; lastKnownFileType = sourcecode.swift; path = ComicVineCharacterDTO.swift; sourceTree = "<group>"; };
		AB000034 /* ComicVineCharacterDTO+Mapping.swift */ = {isa = PBXFileReference; lastKnownFileType = sourcecode.swift; path = "ComicVineCharacterDTO+Mapping.swift"; sourceTree = "<group>"; };
		/* Data - Mock */
		AB000040 /* MockDataSource.swift */ = {isa = PBXFileReference; lastKnownFileType = sourcecode.swift; path = MockDataSource.swift; sourceTree = "<group>"; };
		AB000041 /* MockData.json */ = {isa = PBXFileReference; lastKnownFileType = text.json; path = MockData.json; sourceTree = "<group>"; };
		/* Data - Repositories */
		AB000050 /* DefaultHeroRepository.swift */ = {isa = PBXFileReference; lastKnownFileType = sourcecode.swift; path = DefaultHeroRepository.swift; sourceTree = "<group>"; };
		/* Presentation - HeroesList */
		AB000060 /* HeroesListViewController.swift */ = {isa = PBXFileReference; lastKnownFileType = sourcecode.swift; path = HeroesListViewController.swift; sourceTree = "<group>"; };
		AB000061 /* HeroesListViewModel.swift */ = {isa = PBXFileReference; lastKnownFileType = sourcecode.swift; path = HeroesListViewModel.swift; sourceTree = "<group>"; };
		AB000062 /* HeroCell.swift */ = {isa = PBXFileReference; lastKnownFileType = sourcecode.swift; path = HeroCell.swift; sourceTree = "<group>"; };
		/* Presentation - HeroDetail */
		AB000070 /* HeroDetailViewController.swift */ = {isa = PBXFileReference; lastKnownFileType = sourcecode.swift; path = HeroDetailViewController.swift; sourceTree = "<group>"; };
		AB000071 /* HeroDetailViewModel.swift */ = {isa = PBXFileReference; lastKnownFileType = sourcecode.swift; path = HeroDetailViewModel.swift; sourceTree = "<group>"; };
		/* Presentation - Common */
		AB000080 /* ImageLoader.swift */ = {isa = PBXFileReference; lastKnownFileType = sourcecode.swift; path = ImageLoader.swift; sourceTree = "<group>"; };
		AB000081 /* UIView+Constraints.swift */ = {isa = PBXFileReference; lastKnownFileType = sourcecode.swift; path = "UIView+Constraints.swift"; sourceTree = "<group>"; };
		/* Resources */
		AB000090 /* Assets.xcassets */ = {isa = PBXFileReference; lastKnownFileType = folder.assetcatalog; path = Assets.xcassets; sourceTree = "<group>"; };
		AB000092 /* Base */ = {isa = PBXFileReference; lastKnownFileType = file.storyboard; name = Base; path = Base.lproj/LaunchScreen.storyboard; sourceTree = "<group>"; };
		AB000093 /* Info.plist */ = {isa = PBXFileReference; lastKnownFileType = text.plist.xml; path = Info.plist; sourceTree = "<group>"; };
		/* Config */
		AB000094 /* Debug.xcconfig */ = {isa = PBXFileReference; lastKnownFileType = text.xcconfig; path = Debug.xcconfig; sourceTree = "<group>"; };
		AB000095 /* Release.xcconfig */ = {isa = PBXFileReference; lastKnownFileType = text.xcconfig; path = Release.xcconfig; sourceTree = "<group>"; };
		/* Tests */
		AB000100 /* WallaMarvelTests.swift */ = {isa = PBXFileReference; lastKnownFileType = sourcecode.swift; path = WallaMarvelTests.swift; sourceTree = "<group>"; };
		AB000110 /* WallaMarvelUITests.swift */ = {isa = PBXFileReference; lastKnownFileType = sourcecode.swift; path = WallaMarvelUITests.swift; sourceTree = "<group>"; };
		AB000111 /* WallaMarvelUITestsLaunchTests.swift */ = {isa = PBXFileReference; lastKnownFileType = sourcecode.swift; path = WallaMarvelUITestsLaunchTests.swift; sourceTree = "<group>"; };
/* End PBXFileReference section */

/* Begin PBXFrameworksBuildPhase section */
		1A0E3A922862F7E200132FCB /* Frameworks */ = {
			isa = PBXFrameworksBuildPhase;
			buildActionMask = 2147483647;
			files = (
			);
			runOnlyForDeploymentPostprocessing = 0;
		};
		1A0E3AA82862F7E300132FCB /* Frameworks */ = {
			isa = PBXFrameworksBuildPhase;
			buildActionMask = 2147483647;
			files = (
			);
			runOnlyForDeploymentPostprocessing = 0;
		};
		1A0E3AB22862F7E300132FCB /* Frameworks */ = {
			isa = PBXFrameworksBuildPhase;
			buildActionMask = 2147483647;
			files = (
			);
			runOnlyForDeploymentPostprocessing = 0;
		};
/* End PBXFrameworksBuildPhase section */

/* Begin PBXGroup section */
		1A0E3A8C2862F7E200132FCB = {
			isa = PBXGroup;
			children = (
				AC000001 /* Configuration */,
				1A0E3A972862F7E200132FCB /* WallaMarvel */,
				1A0E3AAE2862F7E300132FCB /* WallaMarvelTests */,
				1A0E3AB82862F7E300132FCB /* WallaMarvelUITests */,
				1A0E3A962862F7E200132FCB /* Products */,
			);
			sourceTree = "<group>";
		};
		1A0E3A962862F7E200132FCB /* Products */ = {
			isa = PBXGroup;
			children = (
				1A0E3A952862F7E200132FCB /* WallaMarvel.app */,
				1A0E3AAB2862F7E300132FCB /* WallaMarvelTests.xctest */,
				1A0E3AB52862F7E300132FCB /* WallaMarvelUITests.xctest */,
			);
			name = Products;
			sourceTree = "<group>";
		};
		1A0E3A972862F7E200132FCB /* WallaMarvel */ = {
			isa = PBXGroup;
			children = (
				AC000010 /* App */,
				AC000020 /* Domain */,
				AC000030 /* Data */,
				AC000060 /* Presentation */,
				AB000090 /* Assets.xcassets */,
				AB000091 /* LaunchScreen.storyboard */,
				AB000093 /* Info.plist */,
			);
			path = WallaMarvel;
			sourceTree = "<group>";
		};
		1A0E3AAE2862F7E300132FCB /* WallaMarvelTests */ = {
			isa = PBXGroup;
			children = (
				AB000100 /* WallaMarvelTests.swift */,
			);
			path = WallaMarvelTests;
			sourceTree = "<group>";
		};
		1A0E3AB82862F7E300132FCB /* WallaMarvelUITests */ = {
			isa = PBXGroup;
			children = (
				AB000110 /* WallaMarvelUITests.swift */,
				AB000111 /* WallaMarvelUITestsLaunchTests.swift */,
			);
			path = WallaMarvelUITests;
			sourceTree = "<group>";
		};
		/* Configuration */
		AC000001 /* Configuration */ = {
			isa = PBXGroup;
			children = (
				AB000094 /* Debug.xcconfig */,
				AB000095 /* Release.xcconfig */,
			);
			path = Configuration;
			sourceTree = "<group>";
		};
		/* App */
		AC000010 /* App */ = {
			isa = PBXGroup;
			children = (
				AB000001 /* AppDelegate.swift */,
				AB000002 /* SceneDelegate.swift */,
				AB000003 /* DependencyContainer.swift */,
			);
			path = App;
			sourceTree = "<group>";
		};
		/* Domain */
		AC000020 /* Domain */ = {
			isa = PBXGroup;
			children = (
				AC000021 /* Models */,
				AC000022 /* Repositories */,
				AC000023 /* UseCases */,
			);
			path = Domain;
			sourceTree = "<group>";
		};
		AC000021 /* Models */ = {
			isa = PBXGroup;
			children = (
				AB000010 /* Hero.swift */,
			);
			path = Models;
			sourceTree = "<group>";
		};
		AC000022 /* Repositories */ = {
			isa = PBXGroup;
			children = (
				AB000011 /* HeroRepository.swift */,
			);
			path = Repositories;
			sourceTree = "<group>";
		};
		AC000023 /* UseCases */ = {
			isa = PBXGroup;
			children = (
				AB000012 /* GetHeroesUseCase.swift */,
				AB000013 /* GetHeroDetailUseCase.swift */,
				AB000014 /* SearchHeroesUseCase.swift */,
			);
			path = UseCases;
			sourceTree = "<group>";
		};
		/* Data */
		AC000030 /* Data */ = {
			isa = PBXGroup;
			children = (
				AC000031 /* Network */,
				AC000032 /* DataSources */,
				AC000036 /* Repositories */,
			);
			path = Data;
			sourceTree = "<group>";
		};
		AC000031 /* Network */ = {
			isa = PBXGroup;
			children = (
				AB000020 /* APIClient.swift */,
				AB000021 /* APIError.swift */,
				AB000022 /* Endpoint.swift */,
			);
			path = Network;
			sourceTree = "<group>";
		};
		AC000032 /* DataSources */ = {
			isa = PBXGroup;
			children = (
				AC000033 /* ComicVine */,
				AC000035 /* Mock */,
			);
			path = DataSources;
			sourceTree = "<group>";
		};
		AC000033 /* ComicVine */ = {
			isa = PBXGroup;
			children = (
				AB000030 /* ComicVineDataSource.swift */,
				AB000031 /* ComicVineEndpoints.swift */,
				AC000034 /* DTOs */,
			);
			path = ComicVine;
			sourceTree = "<group>";
		};
		AC000034 /* DTOs */ = {
			isa = PBXGroup;
			children = (
				AB000032 /* ComicVineResponse.swift */,
				AB000033 /* ComicVineCharacterDTO.swift */,
				AB000034 /* ComicVineCharacterDTO+Mapping.swift */,
			);
			path = DTOs;
			sourceTree = "<group>";
		};
		AC000035 /* Mock */ = {
			isa = PBXGroup;
			children = (
				AB000040 /* MockDataSource.swift */,
				AB000041 /* MockData.json */,
			);
			path = Mock;
			sourceTree = "<group>";
		};
		AC000036 /* Repositories */ = {
			isa = PBXGroup;
			children = (
				AB000050 /* DefaultHeroRepository.swift */,
			);
			path = Repositories;
			sourceTree = "<group>";
		};
		/* Presentation */
		AC000060 /* Presentation */ = {
			isa = PBXGroup;
			children = (
				AC000061 /* HeroesList */,
				AC000062 /* HeroDetail */,
				AC000063 /* Common */,
			);
			path = Presentation;
			sourceTree = "<group>";
		};
		AC000061 /* HeroesList */ = {
			isa = PBXGroup;
			children = (
				AB000060 /* HeroesListViewController.swift */,
				AB000061 /* HeroesListViewModel.swift */,
				AB000062 /* HeroCell.swift */,
			);
			path = HeroesList;
			sourceTree = "<group>";
		};
		AC000062 /* HeroDetail */ = {
			isa = PBXGroup;
			children = (
				AB000070 /* HeroDetailViewController.swift */,
				AB000071 /* HeroDetailViewModel.swift */,
			);
			path = HeroDetail;
			sourceTree = "<group>";
		};
		AC000063 /* Common */ = {
			isa = PBXGroup;
			children = (
				AB000080 /* ImageLoader.swift */,
				AC000064 /* Extensions */,
			);
			path = Common;
			sourceTree = "<group>";
		};
		AC000064 /* Extensions */ = {
			isa = PBXGroup;
			children = (
				AB000081 /* UIView+Constraints.swift */,
			);
			path = Extensions;
			sourceTree = "<group>";
		};
/* End PBXGroup section */

/* Begin PBXNativeTarget section */
		1A0E3A942862F7E200132FCB /* WallaMarvel */ = {
			isa = PBXNativeTarget;
			buildConfigurationList = 1A0E3ABF2862F7E300132FCB /* Build configuration list for PBXNativeTarget "WallaMarvel" */;
			buildPhases = (
				1A0E3A912862F7E200132FCB /* Sources */,
				1A0E3A922862F7E200132FCB /* Frameworks */,
				1A0E3A932862F7E200132FCB /* Resources */,
			);
			buildRules = (
			);
			dependencies = (
			);
			name = WallaMarvel;
			productName = WallaMarvel;
			productReference = 1A0E3A952862F7E200132FCB /* WallaMarvel.app */;
			productType = "com.apple.product-type.application";
		};
		1A0E3AAA2862F7E300132FCB /* WallaMarvelTests */ = {
			isa = PBXNativeTarget;
			buildConfigurationList = 1A0E3AC22862F7E300132FCB /* Build configuration list for PBXNativeTarget "WallaMarvelTests" */;
			buildPhases = (
				1A0E3AA72862F7E300132FCB /* Sources */,
				1A0E3AA82862F7E300132FCB /* Frameworks */,
				1A0E3AA92862F7E300132FCB /* Resources */,
			);
			buildRules = (
			);
			dependencies = (
				1A0E3AAD2862F7E300132FCB /* PBXTargetDependency */,
			);
			name = WallaMarvelTests;
			productName = WallaMarvelTests;
			productReference = 1A0E3AAB2862F7E300132FCB /* WallaMarvelTests.xctest */;
			productType = "com.apple.product-type.bundle.unit-test";
		};
		1A0E3AB42862F7E300132FCB /* WallaMarvelUITests */ = {
			isa = PBXNativeTarget;
			buildConfigurationList = 1A0E3AC52862F7E300132FCB /* Build configuration list for PBXNativeTarget "WallaMarvelUITests" */;
			buildPhases = (
				1A0E3AB12862F7E300132FCB /* Sources */,
				1A0E3AB22862F7E300132FCB /* Frameworks */,
				1A0E3AB32862F7E300132FCB /* Resources */,
			);
			buildRules = (
			);
			dependencies = (
				1A0E3AB72862F7E300132FCB /* PBXTargetDependency */,
			);
			name = WallaMarvelUITests;
			productName = WallaMarvelUITests;
			productReference = 1A0E3AB52862F7E300132FCB /* WallaMarvelUITests.xctest */;
			productType = "com.apple.product-type.bundle.ui-testing";
		};
/* End PBXNativeTarget section */

/* Begin PBXProject section */
		1A0E3A8D2862F7E200132FCB /* Project object */ = {
			isa = PBXProject;
			attributes = {
				BuildIndependentTargetsInParallel = 1;
				LastSwiftUpdateCheck = 1340;
				LastUpgradeCheck = 1340;
				TargetAttributes = {
					1A0E3A942862F7E200132FCB = {
						CreatedOnToolsVersion = 13.4.1;
					};
					1A0E3AAA2862F7E300132FCB = {
						CreatedOnToolsVersion = 13.4.1;
						TestTargetID = 1A0E3A942862F7E200132FCB;
					};
					1A0E3AB42862F7E300132FCB = {
						CreatedOnToolsVersion = 13.4.1;
						TestTargetID = 1A0E3A942862F7E200132FCB;
					};
				};
			};
			buildConfigurationList = 1A0E3A902862F7E200132FCB /* Build configuration list for PBXProject "WallaMarvel" */;
			compatibilityVersion = "Xcode 13.0";
			developmentRegion = en;
			hasScannedForEncodings = 0;
			knownRegions = (
				en,
				Base,
			);
			mainGroup = 1A0E3A8C2862F7E200132FCB;
			productRefGroup = 1A0E3A962862F7E200132FCB /* Products */;
			projectDirPath = "";
			projectRoot = "";
			targets = (
				1A0E3A942862F7E200132FCB /* WallaMarvel */,
				1A0E3AAA2862F7E300132FCB /* WallaMarvelTests */,
				1A0E3AB42862F7E300132FCB /* WallaMarvelUITests */,
			);
		};
/* End PBXProject section */

/* Begin PBXResourcesBuildPhase section */
		1A0E3A932862F7E200132FCB /* Resources */ = {
			isa = PBXResourcesBuildPhase;
			buildActionMask = 2147483647;
			files = (
				AA000091 /* LaunchScreen.storyboard in Resources */,
				AA000090 /* Assets.xcassets in Resources */,
				AA000041 /* MockData.json in Resources */,
			);
			runOnlyForDeploymentPostprocessing = 0;
		};
		1A0E3AA92862F7E300132FCB /* Resources */ = {
			isa = PBXResourcesBuildPhase;
			buildActionMask = 2147483647;
			files = (
			);
			runOnlyForDeploymentPostprocessing = 0;
		};
		1A0E3AB32862F7E300132FCB /* Resources */ = {
			isa = PBXResourcesBuildPhase;
			buildActionMask = 2147483647;
			files = (
			);
			runOnlyForDeploymentPostprocessing = 0;
		};
/* End PBXResourcesBuildPhase section */

/* Begin PBXSourcesBuildPhase section */
		1A0E3A912862F7E200132FCB /* Sources */ = {
			isa = PBXSourcesBuildPhase;
			buildActionMask = 2147483647;
			files = (
				AA000001 /* AppDelegate.swift in Sources */,
				AA000002 /* SceneDelegate.swift in Sources */,
				AA000003 /* DependencyContainer.swift in Sources */,
				AA000010 /* Hero.swift in Sources */,
				AA000011 /* HeroRepository.swift in Sources */,
				AA000012 /* GetHeroesUseCase.swift in Sources */,
				AA000013 /* GetHeroDetailUseCase.swift in Sources */,
				AA000014 /* SearchHeroesUseCase.swift in Sources */,
				AA000020 /* APIClient.swift in Sources */,
				AA000021 /* APIError.swift in Sources */,
				AA000022 /* Endpoint.swift in Sources */,
				AA000030 /* ComicVineDataSource.swift in Sources */,
				AA000031 /* ComicVineEndpoints.swift in Sources */,
				AA000032 /* ComicVineResponse.swift in Sources */,
				AA000033 /* ComicVineCharacterDTO.swift in Sources */,
				AA000034 /* ComicVineCharacterDTO+Mapping.swift in Sources */,
				AA000040 /* MockDataSource.swift in Sources */,
				AA000050 /* DefaultHeroRepository.swift in Sources */,
				AA000060 /* HeroesListViewController.swift in Sources */,
				AA000061 /* HeroesListViewModel.swift in Sources */,
				AA000062 /* HeroCell.swift in Sources */,
				AA000070 /* HeroDetailViewController.swift in Sources */,
				AA000071 /* HeroDetailViewModel.swift in Sources */,
				AA000080 /* ImageLoader.swift in Sources */,
				AA000081 /* UIView+Constraints.swift in Sources */,
			);
			runOnlyForDeploymentPostprocessing = 0;
		};
		1A0E3AA72862F7E300132FCB /* Sources */ = {
			isa = PBXSourcesBuildPhase;
			buildActionMask = 2147483647;
			files = (
				AA000100 /* WallaMarvelTests.swift in Sources */,
			);
			runOnlyForDeploymentPostprocessing = 0;
		};
		1A0E3AB12862F7E300132FCB /* Sources */ = {
			isa = PBXSourcesBuildPhase;
			buildActionMask = 2147483647;
			files = (
				AA000110 /* WallaMarvelUITests.swift in Sources */,
				AA000111 /* WallaMarvelUITestsLaunchTests.swift in Sources */,
			);
			runOnlyForDeploymentPostprocessing = 0;
		};
/* End PBXSourcesBuildPhase section */

/* Begin PBXTargetDependency section */
		1A0E3AAD2862F7E300132FCB /* PBXTargetDependency */ = {
			isa = PBXTargetDependency;
			target = 1A0E3A942862F7E200132FCB /* WallaMarvel */;
			targetProxy = 1A0E3AAC2862F7E300132FCB /* PBXContainerItemProxy */;
		};
		1A0E3AB72862F7E300132FCB /* PBXTargetDependency */ = {
			isa = PBXTargetDependency;
			target = 1A0E3A942862F7E200132FCB /* WallaMarvel */;
			targetProxy = 1A0E3AB62862F7E300132FCB /* PBXContainerItemProxy */;
		};
/* End PBXTargetDependency section */

/* Begin PBXVariantGroup section */
		AB000091 /* LaunchScreen.storyboard */ = {
			isa = PBXVariantGroup;
			children = (
				AB000092 /* Base */,
			);
			name = LaunchScreen.storyboard;
			sourceTree = "<group>";
		};
/* End PBXVariantGroup section */

/* Begin XCBuildConfiguration section */
		1A0E3ABD2862F7E300132FCB /* Debug */ = {
			isa = XCBuildConfiguration;
			baseConfigurationReference = AB000094 /* Debug.xcconfig */;
			buildSettings = {
				ALWAYS_SEARCH_USER_PATHS = NO;
				CLANG_ANALYZER_NONNULL = YES;
				CLANG_ANALYZER_NUMBER_OBJECT_CONVERSION = YES_AGGRESSIVE;
				CLANG_CXX_LANGUAGE_STANDARD = "gnu++17";
				CLANG_ENABLE_MODULES = YES;
				CLANG_ENABLE_OBJC_ARC = YES;
				CLANG_ENABLE_OBJC_WEAK = YES;
				CLANG_WARN_BLOCK_CAPTURE_AUTORELEASING = YES;
				CLANG_WARN_BOOL_CONVERSION = YES;
				CLANG_WARN_COMMA = YES;
				CLANG_WARN_CONSTANT_CONVERSION = YES;
				CLANG_WARN_DEPRECATED_OBJC_IMPLEMENTATIONS = YES;
				CLANG_WARN_DIRECT_OBJC_ISA_USAGE = YES_ERROR;
				CLANG_WARN_DOCUMENTATION_COMMENTS = YES;
				CLANG_WARN_EMPTY_BODY = YES;
				CLANG_WARN_ENUM_CONVERSION = YES;
				CLANG_WARN_INFINITE_RECURSION = YES;
				CLANG_WARN_INT_CONVERSION = YES;
				CLANG_WARN_NON_LITERAL_NULL_CONVERSION = YES;
				CLANG_WARN_OBJC_IMPLICIT_RETAIN_SELF = YES;
				CLANG_WARN_OBJC_LITERAL_CONVERSION = YES;
				CLANG_WARN_OBJC_ROOT_CLASS = YES_ERROR;
				CLANG_WARN_QUOTED_INCLUDE_IN_FRAMEWORK_HEADER = YES;
				CLANG_WARN_RANGE_LOOP_ANALYSIS = YES;
				CLANG_WARN_STRICT_PROTOTYPES = YES;
				CLANG_WARN_SUSPICIOUS_MOVE = YES;
				CLANG_WARN_UNGUARDED_AVAILABILITY = YES_AGGRESSIVE;
				CLANG_WARN_UNREACHABLE_CODE = YES;
				CLANG_WARN__DUPLICATE_METHOD_MATCH = YES;
				COPY_PHASE_STRIP = NO;
				DEBUG_INFORMATION_FORMAT = dwarf;
				ENABLE_STRICT_OBJC_MSGSEND = YES;
				ENABLE_TESTABILITY = YES;
				GCC_C_LANGUAGE_STANDARD = gnu11;
				GCC_DYNAMIC_NO_PIC = NO;
				GCC_NO_COMMON_BLOCKS = YES;
				GCC_OPTIMIZATION_LEVEL = 0;
				GCC_PREPROCESSOR_DEFINITIONS = (
					"DEBUG=1",
					"$(inherited)",
				);
				GCC_WARN_64_TO_32_BIT_CONVERSION = YES;
				GCC_WARN_ABOUT_RETURN_TYPE = YES_ERROR;
				GCC_WARN_UNDECLARED_SELECTOR = YES;
				GCC_WARN_UNINITIALIZED_AUTOS = YES_AGGRESSIVE;
				GCC_WARN_UNUSED_FUNCTION = YES;
				GCC_WARN_UNUSED_VARIABLE = YES;
				IPHONEOS_DEPLOYMENT_TARGET = 16.0;
				MTL_ENABLE_DEBUG_INFO = INCLUDE_SOURCE;
				MTL_FAST_MATH = YES;
				ONLY_ACTIVE_ARCH = YES;
				SDKROOT = iphoneos;
				SWIFT_ACTIVE_COMPILATION_CONDITIONS = DEBUG;
				SWIFT_OPTIMIZATION_LEVEL = "-Onone";
			};
			name = Debug;
		};
		1A0E3ABE2862F7E300132FCB /* Release */ = {
			isa = XCBuildConfiguration;
			baseConfigurationReference = AB000095 /* Release.xcconfig */;
			buildSettings = {
				ALWAYS_SEARCH_USER_PATHS = NO;
				CLANG_ANALYZER_NONNULL = YES;
				CLANG_ANALYZER_NUMBER_OBJECT_CONVERSION = YES_AGGRESSIVE;
				CLANG_CXX_LANGUAGE_STANDARD = "gnu++17";
				CLANG_ENABLE_MODULES = YES;
				CLANG_ENABLE_OBJC_ARC = YES;
				CLANG_ENABLE_OBJC_WEAK = YES;
				CLANG_WARN_BLOCK_CAPTURE_AUTORELEASING = YES;
				CLANG_WARN_BOOL_CONVERSION = YES;
				CLANG_WARN_COMMA = YES;
				CLANG_WARN_CONSTANT_CONVERSION = YES;
				CLANG_WARN_DEPRECATED_OBJC_IMPLEMENTATIONS = YES;
				CLANG_WARN_DIRECT_OBJC_ISA_USAGE = YES_ERROR;
				CLANG_WARN_DOCUMENTATION_COMMENTS = YES;
				CLANG_WARN_EMPTY_BODY = YES;
				CLANG_WARN_ENUM_CONVERSION = YES;
				CLANG_WARN_INFINITE_RECURSION = YES;
				CLANG_WARN_INT_CONVERSION = YES;
				CLANG_WARN_NON_LITERAL_NULL_CONVERSION = YES;
				CLANG_WARN_OBJC_IMPLICIT_RETAIN_SELF = YES;
				CLANG_WARN_OBJC_LITERAL_CONVERSION = YES;
				CLANG_WARN_OBJC_ROOT_CLASS = YES_ERROR;
				CLANG_WARN_QUOTED_INCLUDE_IN_FRAMEWORK_HEADER = YES;
				CLANG_WARN_RANGE_LOOP_ANALYSIS = YES;
				CLANG_WARN_STRICT_PROTOTYPES = YES;
				CLANG_WARN_SUSPICIOUS_MOVE = YES;
				CLANG_WARN_UNGUARDED_AVAILABILITY = YES_AGGRESSIVE;
				CLANG_WARN_UNREACHABLE_CODE = YES;
				CLANG_WARN__DUPLICATE_METHOD_MATCH = YES;
				COPY_PHASE_STRIP = NO;
				DEBUG_INFORMATION_FORMAT = "dwarf-with-dsym";
				ENABLE_NS_ASSERTIONS = NO;
				ENABLE_STRICT_OBJC_MSGSEND = YES;
				GCC_C_LANGUAGE_STANDARD = gnu11;
				GCC_NO_COMMON_BLOCKS = YES;
				GCC_WARN_64_TO_32_BIT_CONVERSION = YES;
				GCC_WARN_ABOUT_RETURN_TYPE = YES_ERROR;
				GCC_WARN_UNDECLARED_SELECTOR = YES;
				GCC_WARN_UNINITIALIZED_AUTOS = YES_AGGRESSIVE;
				GCC_WARN_UNUSED_FUNCTION = YES;
				GCC_WARN_UNUSED_VARIABLE = YES;
				IPHONEOS_DEPLOYMENT_TARGET = 16.0;
				MTL_ENABLE_DEBUG_INFO = NO;
				MTL_FAST_MATH = YES;
				SDKROOT = iphoneos;
				SWIFT_COMPILATION_MODE = wholemodule;
				SWIFT_OPTIMIZATION_LEVEL = "-O";
				VALIDATE_PRODUCT = YES;
			};
			name = Release;
		};
		1A0E3AC02862F7E300132FCB /* Debug */ = {
			isa = XCBuildConfiguration;
			buildSettings = {
				ASSETCATALOG_COMPILER_APPICON_NAME = AppIcon;
				ASSETCATALOG_COMPILER_GLOBAL_ACCENT_COLOR_NAME = AccentColor;
				CODE_SIGN_STYLE = Automatic;
				CURRENT_PROJECT_VERSION = 1;
				GENERATE_INFOPLIST_FILE = YES;
				INFOPLIST_FILE = WallaMarvel/Info.plist;
				INFOPLIST_KEY_UIApplicationSupportsIndirectInputEvents = YES;
				INFOPLIST_KEY_UILaunchStoryboardName = LaunchScreen;
				INFOPLIST_KEY_UISupportedInterfaceOrientations_iPad = "UIInterfaceOrientationPortrait UIInterfaceOrientationPortraitUpsideDown UIInterfaceOrientationLandscapeLeft UIInterfaceOrientationLandscapeRight";
				INFOPLIST_KEY_UISupportedInterfaceOrientations_iPhone = "UIInterfaceOrientationPortrait UIInterfaceOrientationLandscapeLeft UIInterfaceOrientationLandscapeRight";
				IPHONEOS_DEPLOYMENT_TARGET = 16.0;
				LD_RUNPATH_SEARCH_PATHS = (
					"$(inherited)",
					"@executable_path/Frameworks",
				);
				MARKETING_VERSION = 1.0;
				PRODUCT_BUNDLE_IDENTIFIER = com.wallapop.WallaMarvel;
				PRODUCT_NAME = "$(TARGET_NAME)";
				SWIFT_EMIT_LOC_STRINGS = YES;
				SWIFT_VERSION = 5.0;
				TARGETED_DEVICE_FAMILY = "1,2";
			};
			name = Debug;
		};
		1A0E3AC12862F7E300132FCB /* Release */ = {
			isa = XCBuildConfiguration;
			buildSettings = {
				ASSETCATALOG_COMPILER_APPICON_NAME = AppIcon;
				ASSETCATALOG_COMPILER_GLOBAL_ACCENT_COLOR_NAME = AccentColor;
				CODE_SIGN_STYLE = Automatic;
				CURRENT_PROJECT_VERSION = 1;
				GENERATE_INFOPLIST_FILE = YES;
				INFOPLIST_FILE = WallaMarvel/Info.plist;
				INFOPLIST_KEY_UIApplicationSupportsIndirectInputEvents = YES;
				INFOPLIST_KEY_UILaunchStoryboardName = LaunchScreen;
				INFOPLIST_KEY_UISupportedInterfaceOrientations_iPad = "UIInterfaceOrientationPortrait UIInterfaceOrientationPortraitUpsideDown UIInterfaceOrientationLandscapeLeft UIInterfaceOrientationLandscapeRight";
				INFOPLIST_KEY_UISupportedInterfaceOrientations_iPhone = "UIInterfaceOrientationPortrait UIInterfaceOrientationLandscapeLeft UIInterfaceOrientationLandscapeRight";
				IPHONEOS_DEPLOYMENT_TARGET = 16.0;
				LD_RUNPATH_SEARCH_PATHS = (
					"$(inherited)",
					"@executable_path/Frameworks",
				);
				MARKETING_VERSION = 1.0;
				PRODUCT_BUNDLE_IDENTIFIER = com.wallapop.WallaMarvel;
				PRODUCT_NAME = "$(TARGET_NAME)";
				SWIFT_EMIT_LOC_STRINGS = YES;
				SWIFT_VERSION = 5.0;
				TARGETED_DEVICE_FAMILY = "1,2";
			};
			name = Release;
		};
		1A0E3AC32862F7E300132FCB /* Debug */ = {
			isa = XCBuildConfiguration;
			buildSettings = {
				ALWAYS_EMBED_SWIFT_STANDARD_LIBRARIES = YES;
				BUNDLE_LOADER = "$(TEST_HOST)";
				CODE_SIGN_STYLE = Automatic;
				CURRENT_PROJECT_VERSION = 1;
				GENERATE_INFOPLIST_FILE = YES;
				IPHONEOS_DEPLOYMENT_TARGET = 16.0;
				MARKETING_VERSION = 1.0;
				PRODUCT_BUNDLE_IDENTIFIER = com.wallapop.WallaMarvelTests;
				PRODUCT_NAME = "$(TARGET_NAME)";
				SWIFT_EMIT_LOC_STRINGS = NO;
				SWIFT_VERSION = 5.0;
				TARGETED_DEVICE_FAMILY = "1,2";
				TEST_HOST = "$(BUILT_PRODUCTS_DIR)/WallaMarvel.app/WallaMarvel";
			};
			name = Debug;
		};
		1A0E3AC42862F7E300132FCB /* Release */ = {
			isa = XCBuildConfiguration;
			buildSettings = {
				ALWAYS_EMBED_SWIFT_STANDARD_LIBRARIES = YES;
				BUNDLE_LOADER = "$(TEST_HOST)";
				CODE_SIGN_STYLE = Automatic;
				CURRENT_PROJECT_VERSION = 1;
				GENERATE_INFOPLIST_FILE = YES;
				IPHONEOS_DEPLOYMENT_TARGET = 16.0;
				MARKETING_VERSION = 1.0;
				PRODUCT_BUNDLE_IDENTIFIER = com.wallapop.WallaMarvelTests;
				PRODUCT_NAME = "$(TARGET_NAME)";
				SWIFT_EMIT_LOC_STRINGS = NO;
				SWIFT_VERSION = 5.0;
				TARGETED_DEVICE_FAMILY = "1,2";
				TEST_HOST = "$(BUILT_PRODUCTS_DIR)/WallaMarvel.app/WallaMarvel";
			};
			name = Release;
		};
		1A0E3AC62862F7E300132FCB /* Debug */ = {
			isa = XCBuildConfiguration;
			buildSettings = {
				ALWAYS_EMBED_SWIFT_STANDARD_LIBRARIES = YES;
				CODE_SIGN_STYLE = Automatic;
				CURRENT_PROJECT_VERSION = 1;
				GENERATE_INFOPLIST_FILE = YES;
				MARKETING_VERSION = 1.0;
				PRODUCT_BUNDLE_IDENTIFIER = com.wallapop.WallaMarvelUITests;
				PRODUCT_NAME = "$(TARGET_NAME)";
				SWIFT_EMIT_LOC_STRINGS = NO;
				SWIFT_VERSION = 5.0;
				TARGETED_DEVICE_FAMILY = "1,2";
				TEST_TARGET_NAME = WallaMarvel;
			};
			name = Debug;
		};
		1A0E3AC72862F7E300132FCB /* Release */ = {
			isa = XCBuildConfiguration;
			buildSettings = {
				ALWAYS_EMBED_SWIFT_STANDARD_LIBRARIES = YES;
				CODE_SIGN_STYLE = Automatic;
				CURRENT_PROJECT_VERSION = 1;
				GENERATE_INFOPLIST_FILE = YES;
				MARKETING_VERSION = 1.0;
				PRODUCT_BUNDLE_IDENTIFIER = com.wallapop.WallaMarvelUITests;
				PRODUCT_NAME = "$(TARGET_NAME)";
				SWIFT_EMIT_LOC_STRINGS = NO;
				SWIFT_VERSION = 5.0;
				TARGETED_DEVICE_FAMILY = "1,2";
				TEST_TARGET_NAME = WallaMarvel;
			};
			name = Release;
		};
/* End XCBuildConfiguration section */

/* Begin XCConfigurationList section */
		1A0E3A902862F7E200132FCB /* Build configuration list for PBXProject "WallaMarvel" */ = {
			isa = XCConfigurationList;
			buildConfigurations = (
				1A0E3ABD2862F7E300132FCB /* Debug */,
				1A0E3ABE2862F7E300132FCB /* Release */,
			);
			defaultConfigurationIsVisible = 0;
			defaultConfigurationName = Release;
		};
		1A0E3ABF2862F7E300132FCB /* Build configuration list for PBXNativeTarget "WallaMarvel" */ = {
			isa = XCConfigurationList;
			buildConfigurations = (
				1A0E3AC02862F7E300132FCB /* Debug */,
				1A0E3AC12862F7E300132FCB /* Release */,
			);
			defaultConfigurationIsVisible = 0;
			defaultConfigurationName = Release;
		};
		1A0E3AC22862F7E300132FCB /* Build configuration list for PBXNativeTarget "WallaMarvelTests" */ = {
			isa = XCConfigurationList;
			buildConfigurations = (
				1A0E3AC32862F7E300132FCB /* Debug */,
				1A0E3AC42862F7E300132FCB /* Release */,
			);
			defaultConfigurationIsVisible = 0;
			defaultConfigurationName = Release;
		};
		1A0E3AC52862F7E300132FCB /* Build configuration list for PBXNativeTarget "WallaMarvelUITests" */ = {
			isa = XCConfigurationList;
			buildConfigurations = (
				1A0E3AC62862F7E300132FCB /* Debug */,
				1A0E3AC72862F7E300132FCB /* Release */,
			);
			defaultConfigurationIsVisible = 0;
			defaultConfigurationName = Release;
		};
/* End XCConfigurationList section */
	};
	rootObject = 1A0E3A8D2862F7E200132FCB /* Project object */;
}
